
Microsoft Visual Studio Solution File, Format Version 12.00
# Visual Studio Version 16
VisualStudioVersion = 16.0.31702.278
MinimumVisualStudioVersion = 10.0.40219.1
Project("{FAE04EC0-301F-11D3-BF4B-00C04F79EFBC}") = "Dark souls Death Counter", "Dark souls Death Counter.csproj", "{EF975751-4D96-462F-BD1D-8C044F4879DE}"
EndProject
Global
	GlobalSection(SolutionConfigurationPlatforms) = preSolution
		Debug|Any CPU = Debug|Any CPU
		Release|Any CPU = Release|Any CPU
	EndGlobalSection
	GlobalSection(ProjectConfigurationPlatforms) = postSolution
		{EF975751-4D96-462F-BD1D-8C044F4879DE}.Debug|Any CPU.ActiveCfg = Debug|Any CPU
		{EF975751-4D96-462F-BD1D-8C044F4879DE}.Debug|Any CPU.Build.0 = Debug|Any CPU
		{EF975751-4D96-462F-BD1D-8C044F4879DE}.Release|Any CPU.ActiveCfg = Release|Any CPU
		{EF975751-4D96-462F-BD1D-8C044F4879DE}.Release|Any CPU.Build.0 = Release|Any CPU
	EndGlobalSection
	GlobalSection(SolutionProperties) = preSolution
		HideSolutionNode = FALSE
	EndGlobalSection
	GlobalSection(ExtensibilityGlobals) = postSolution
		SolutionGuid = {E6267D91-E6B0-4AB3-AAA0-F143B508EF5D}
	EndGlobalSection
EndGlobal
